
Microsoft Visual Studio Solution File, Format Version 12.00
# Visual Studio 15
VisualStudioVersion = 15.0.28307.168
MinimumVisualStudioVersion = 10.0.40219.1
Project("{FAE04EC0-301F-11D3-BF4B-00C04F79EFBC}") = "EmpleadoLibrary", "EmpleadoLibrary\EmpleadoLibrary.csproj", "{B3FCD75C-FB53-4154-B815-D2AC7C69521F}"
EndProject
Project("{FAE04EC0-301F-11D3-BF4B-00C04F79EFBC}") = "WindowsFormsEmpleado", "WindowsFormsEmpleado\WindowsFormsEmpleado.csproj", "{425FDE7D-97C9-43F1-B090-2A62512FC002}"
EndProject
Project("{FAE04EC0-301F-11D3-BF4B-00C04F79EFBC}") = "WebEmpleado", "WebEmpleado\WebEmpleado.csproj", "{24B33153-63DC-44E1-92CF-55FF04323419}"
EndProject
Global
	GlobalSection(SolutionConfigurationPlatforms) = preSolution
		Debug|Any CPU = Debug|Any CPU
		Release|Any CPU = Release|Any CPU
	EndGlobalSection
	GlobalSection(ProjectConfigurationPlatforms) = postSolution
		{B3FCD75C-FB53-4154-B815-D2AC7C69521F}.Debug|Any CPU.ActiveCfg = Debug|Any CPU
		{B3FCD75C-FB53-4154-B815-D2AC7C69521F}.Debug|Any CPU.Build.0 = Debug|Any CPU
		{B3FCD75C-FB53-4154-B815-D2AC7C69521F}.Release|Any CPU.ActiveCfg = Release|Any CPU
		{B3FCD75C-FB53-4154-B815-D2AC7C69521F}.Release|Any CPU.Build.0 = Release|Any CPU
		{425FDE7D-97C9-43F1-B090-2A62512FC002}.Debug|Any CPU.ActiveCfg = Debug|Any CPU
		{425FDE7D-97C9-43F1-B090-2A62512FC002}.Debug|Any CPU.Build.0 = Debug|Any CPU
		{425FDE7D-97C9-43F1-B090-2A62512FC002}.Release|Any CPU.ActiveCfg = Release|Any CPU
		{425FDE7D-97C9-43F1-B090-2A62512FC002}.Release|Any CPU.Build.0 = Release|Any CPU
		{24B33153-63DC-44E1-92CF-55FF04323419}.Debug|Any CPU.ActiveCfg = Debug|Any CPU
		{24B33153-63DC-44E1-92CF-55FF04323419}.Debug|Any CPU.Build.0 = Debug|Any CPU
		{24B33153-63DC-44E1-92CF-55FF04323419}.Release|Any CPU.ActiveCfg = Release|Any CPU
		{24B33153-63DC-44E1-92CF-55FF04323419}.Release|Any CPU.Build.0 = Release|Any CPU
	EndGlobalSection
	GlobalSection(SolutionProperties) = preSolution
		HideSolutionNode = FALSE
	EndGlobalSection
	GlobalSection(ExtensibilityGlobals) = postSolution
		SolutionGuid = {7036E07B-44D0-4773-9AF1-F9AF45939508}
	EndGlobalSection
EndGlobal
